
Microsoft Visual Studio Solution File, Format Version 11.00
# Visual Studio 2010
Project("{FAE04EC0-301F-11D3-BF4B-00C04F79EFBC}") = "QCIssuePlugin", "QCIssuePlugin\QCIssuePlugin.csproj", "{127EBCC0-6461-4AFE-8B3B-9F2D013CF2BB}"
EndProject
Project("{54435603-DBB4-11D2-8724-00A0C9A8B90C}") = "QCBugtraq_Setup", "QCTortoiseSVN_Setup\QCTortoiseSVN_Setup.vdproj", "{05F0D058-47B8-4AC1-A26C-6BDAE6E5E82C}"
EndProject
Global
	GlobalSection(SolutionConfigurationPlatforms) = preSolution
		Debug|Any CPU = Debug|Any CPU
		Release|Any CPU = Release|Any CPU
	EndGlobalSection
	GlobalSection(ProjectConfigurationPlatforms) = postSolution
		{127EBCC0-6461-4AFE-8B3B-9F2D013CF2BB}.Debug|Any CPU.ActiveCfg = Debug|Any CPU
		{127EBCC0-6461-4AFE-8B3B-9F2D013CF2BB}.Debug|Any CPU.Build.0 = Debug|Any CPU
		{127EBCC0-6461-4AFE-8B3B-9F2D013CF2BB}.Release|Any CPU.ActiveCfg = Release|Any CPU
		{127EBCC0-6461-4AFE-8B3B-9F2D013CF2BB}.Release|Any CPU.Build.0 = Release|Any CPU
		{05F0D058-47B8-4AC1-A26C-6BDAE6E5E82C}.Debug|Any CPU.ActiveCfg = Debug
		{05F0D058-47B8-4AC1-A26C-6BDAE6E5E82C}.Debug|Any CPU.Build.0 = Debug
		{05F0D058-47B8-4AC1-A26C-6BDAE6E5E82C}.Release|Any CPU.ActiveCfg = Release
		{05F0D058-47B8-4AC1-A26C-6BDAE6E5E82C}.Release|Any CPU.Build.0 = Release
	EndGlobalSection
	GlobalSection(SolutionProperties) = preSolution
		HideSolutionNode = FALSE
	EndGlobalSection
EndGlobal
